
Microsoft Visual Studio Solution File, Format Version 12.00
# Visual Studio Version 17
VisualStudioVersion = 17.14.36202.13 d17.14
MinimumVisualStudioVersion = 10.0.40219.1
Project("{FAE04EC0-301F-11D3-BF4B-00C04F79EFBC}") = "StringCompressor", "StringCompressor\StringCompressor.csproj", "{9BBFB2AA-D875-44AB-9411-3D30A3E69690}"
EndProject
Global
	GlobalSection(SolutionConfigurationPlatforms) = preSolution
		Debug|Any CPU = Debug|Any CPU
		Release|Any CPU = Release|Any CPU
	EndGlobalSection
	GlobalSection(ProjectConfigurationPlatforms) = postSolution
		{9BBFB2AA-D875-44AB-9411-3D30A3E69690}.Debug|Any CPU.ActiveCfg = Debug|Any CPU
		{9BBFB2AA-D875-44AB-9411-3D30A3E69690}.Debug|Any CPU.Build.0 = Debug|Any CPU
		{9BBFB2AA-D875-44AB-9411-3D30A3E69690}.Release|Any CPU.ActiveCfg = Release|Any CPU
		{9BBFB2AA-D875-44AB-9411-3D30A3E69690}.Release|Any CPU.Build.0 = Release|Any CPU
	EndGlobalSection
	GlobalSection(SolutionProperties) = preSolution
		HideSolutionNode = FALSE
	EndGlobalSection
	GlobalSection(ExtensibilityGlobals) = postSolution
		SolutionGuid = {5DA7BBCB-FD24-4C7E-9C78-9B82ECE16012}
	EndGlobalSection
EndGlobal
